<Solution>
  <Folder Name="/src/">
    <Project Path="src/GlimpsesOfGlory.Abstractions/GlimpsesOfGlory.Abstractions.csproj" />
    <Project Path="src/GlimpsesOfGlory.Core/GlimpsesOfGlory.Core.csproj" />
    <Project Path="src/GlimpsesOfGlory.Web/GlimpsesOfGlory.Web.csproj" />
  </Folder>
  <Folder Name="/tests/">
    <Project Path="tests/GlimpsesOfGlory.UnitTests/GlimpsesOfGlory.UnitTests.csproj" />
  </Folder>
</Solution>
